
Microsoft Visual Studio Solution File, Format Version 12.00
# Visual Studio Version 17
VisualStudioVersion = 17.6.33712.159
MinimumVisualStudioVersion = 10.0.40219.1
Project("{FAE04EC0-301F-11D3-BF4B-00C04F79EFBC}") = "MenuWebApi", "MenuWebApi\MenuWebApi.csproj", "{D2EE55CA-BD6E-454A-AE48-3D642FBDD225}"
EndProject
Global
	GlobalSection(SolutionConfigurationPlatforms) = preSolution
		Debug|Any CPU = Debug|Any CPU
		Release|Any CPU = Release|Any CPU
	EndGlobalSection
	GlobalSection(ProjectConfigurationPlatforms) = postSolution
		{D2EE55CA-BD6E-454A-AE48-3D642FBDD225}.Debug|Any CPU.ActiveCfg = Debug|Any CPU
		{D2EE55CA-BD6E-454A-AE48-3D642FBDD225}.Debug|Any CPU.Build.0 = Debug|Any CPU
		{D2EE55CA-BD6E-454A-AE48-3D642FBDD225}.Release|Any CPU.ActiveCfg = Release|Any CPU
		{D2EE55CA-BD6E-454A-AE48-3D642FBDD225}.Release|Any CPU.Build.0 = Release|Any CPU
	EndGlobalSection
	GlobalSection(SolutionProperties) = preSolution
		HideSolutionNode = FALSE
	EndGlobalSection
	GlobalSection(ExtensibilityGlobals) = postSolution
		SolutionGuid = {2E8567AF-86BD-4EF9-AF49-9555CC943A31}
	EndGlobalSection
EndGlobal
